
Microsoft Visual Studio Solution File, Format Version 12.00
# Visual Studio Version 17
VisualStudioVersion = 17.0.31903.59
MinimumVisualStudioVersion = 10.0.40219.1
Project("{2150E333-8FDC-42A3-9474-1A3956D46DE8}") = "src", "src", "{827E0CD3-B72D-47B6-A68D-7590B98EB39B}"
EndProject
Project("{FAE04EC0-301F-11D3-BF4B-00C04F79EFBC}") = "DeepSeekClock.Core", "src\DeepSeekClock.Core\DeepSeekClock.Core.csproj", "{A78ECAD7-173C-4011-B0B3-24581A86D689}"
EndProject
Project("{2150E333-8FDC-42A3-9474-1A3956D46DE8}") = "tests", "tests", "{0AB3BF05-4346-4AA6-1389-037BE0695223}"
EndProject
Project("{FAE04EC0-301F-11D3-BF4B-00C04F79EFBC}") = "DeepSeekClock.Core.Tests", "tests\DeepSeekClock.Core.Tests\DeepSeekClock.Core.Tests.csproj", "{B0F07BBF-B4C7-4457-88F5-C2C103ADE3F8}"
EndProject
Project("{FAE04EC0-301F-11D3-BF4B-00C04F79EFBC}") = "DeepSeekClock.Windows", "src\DeepSeekClock.Windows\DeepSeekClock.Windows.csproj", "{534BA73C-E0F2-4215-848A-094CE1B2DACF}"
EndProject
Project("{FAE04EC0-301F-11D3-BF4B-00C04F79EFBC}") = "DeepSeekClock.Windows.Tests", "tests\DeepSeekClock.Windows.Tests\DeepSeekClock.Windows.Tests.csproj", "{D4C34586-ADCF-4A3A-9C18-C17A3753481D}"
EndProject
Global
	GlobalSection(SolutionConfigurationPlatforms) = preSolution
		Debug|Any CPU = Debug|Any CPU
		Debug|x64 = Debug|x64
		Debug|x86 = Debug|x86
		Release|Any CPU = Release|Any CPU
		Release|x64 = Release|x64
		Release|x86 = Release|x86
	EndGlobalSection
	GlobalSection(ProjectConfigurationPlatforms) = postSolution
		{A78ECAD7-173C-4011-B0B3-24581A86D689}.Debug|Any CPU.ActiveCfg = Debug|Any CPU
		{A78ECAD7-173C-4011-B0B3-24581A86D689}.Debug|Any CPU.Build.0 = Debug|Any CPU
		{A78ECAD7-173C-4011-B0B3-24581A86D689}.Debug|x64.ActiveCfg = Debug|Any CPU
		{A78ECAD7-173C-4011-B0B3-24581A86D689}.Debug|x64.Build.0 = Debug|Any CPU
		{A78ECAD7-173C-4011-B0B3-24581A86D689}.Debug|x86.ActiveCfg = Debug|Any CPU
		{A78ECAD7-173C-4011-B0B3-24581A86D689}.Debug|x86.Build.0 = Debug|Any CPU
		{A78ECAD7-173C-4011-B0B3-24581A86D689}.Release|Any CPU.ActiveCfg = Release|Any CPU
		{A78ECAD7-173C-4011-B0B3-24581A86D689}.Release|Any CPU.Build.0 = Release|Any CPU
		{A78ECAD7-173C-4011-B0B3-24581A86D689}.Release|x64.ActiveCfg = Release|Any CPU
		{A78ECAD7-173C-4011-B0B3-24581A86D689}.Release|x64.Build.0 = Release|Any CPU
		{A78ECAD7-173C-4011-B0B3-24581A86D689}.Release|x86.ActiveCfg = Release|Any CPU
		{A78ECAD7-173C-4011-B0B3-24581A86D689}.Release|x86.Build.0 = Release|Any CPU
		{B0F07BBF-B4C7-4457-88F5-C2C103ADE3F8}.Debug|Any CPU.ActiveCfg = Debug|Any CPU
		{B0F07BBF-B4C7-4457-88F5-C2C103ADE3F8}.Debug|Any CPU.Build.0 = Debug|Any CPU
		{B0F07BBF-B4C7-4457-88F5-C2C103ADE3F8}.Debug|x64.ActiveCfg = Debug|Any CPU
		{B0F07BBF-B4C7-4457-88F5-C2C103ADE3F8}.Debug|x64.Build.0 = Debug|Any CPU
		{B0F07BBF-B4C7-4457-88F5-C2C103ADE3F8}.Debug|x86.ActiveCfg = Debug|Any CPU
		{B0F07BBF-B4C7-4457-88F5-C2C103ADE3F8}.Debug|x86.Build.0 = Debug|Any CPU
		{B0F07BBF-B4C7-4457-88F5-C2C103ADE3F8}.Release|Any CPU.ActiveCfg = Release|Any CPU
		{B0F07BBF-B4C7-4457-88F5-C2C103ADE3F8}.Release|Any CPU.Build.0 = Release|Any CPU
		{B0F07BBF-B4C7-4457-88F5-C2C103ADE3F8}.Release|x64.ActiveCfg = Release|Any CPU
		{B0F07BBF-B4C7-4457-88F5-C2C103ADE3F8}.Release|x64.Build.0 = Release|Any CPU
		{B0F07BBF-B4C7-4457-88F5-C2C103ADE3F8}.Release|x86.ActiveCfg = Release|Any CPU
		{B0F07BBF-B4C7-4457-88F5-C2C103ADE3F8}.Release|x86.Build.0 = Release|Any CPU
		{534BA73C-E0F2-4215-848A-094CE1B2DACF}.Debug|Any CPU.ActiveCfg = Debug|Any CPU
		{534BA73C-E0F2-4215-848A-094CE1B2DACF}.Debug|Any CPU.Build.0 = Debug|Any CPU
		{534BA73C-E0F2-4215-848A-094CE1B2DACF}.Debug|x64.ActiveCfg = Debug|Any CPU
		{534BA73C-E0F2-4215-848A-094CE1B2DACF}.Debug|x64.Build.0 = Debug|Any CPU
		{534BA73C-E0F2-4215-848A-094CE1B2DACF}.Debug|x86.ActiveCfg = Debug|Any CPU
		{534BA73C-E0F2-4215-848A-094CE1B2DACF}.Debug|x86.Build.0 = Debug|Any CPU
		{534BA73C-E0F2-4215-848A-094CE1B2DACF}.Release|Any CPU.ActiveCfg = Release|Any CPU
		{534BA73C-E0F2-4215-848A-094CE1B2DACF}.Release|Any CPU.Build.0 = Release|Any CPU
		{534BA73C-E0F2-4215-848A-094CE1B2DACF}.Release|x64.ActiveCfg = Release|Any CPU
		{534BA73C-E0F2-4215-848A-094CE1B2DACF}.Release|x64.Build.0 = Release|Any CPU
		{534BA73C-E0F2-4215-848A-094CE1B2DACF}.Release|x86.ActiveCfg = Release|Any CPU
		{534BA73C-E0F2-4215-848A-094CE1B2DACF}.Release|x86.Build.0 = Release|Any CPU
		{D4C34586-ADCF-4A3A-9C18-C17A3753481D}.Debug|Any CPU.ActiveCfg = Debug|Any CPU
		{D4C34586-ADCF-4A3A-9C18-C17A3753481D}.Debug|Any CPU.Build.0 = Debug|Any CPU
		{D4C34586-ADCF-4A3A-9C18-C17A3753481D}.Debug|x64.ActiveCfg = Debug|Any CPU
		{D4C34586-ADCF-4A3A-9C18-C17A3753481D}.Debug|x64.Build.0 = Debug|Any CPU
		{D4C34586-ADCF-4A3A-9C18-C17A3753481D}.Debug|x86.ActiveCfg = Debug|Any CPU
		{D4C34586-ADCF-4A3A-9C18-C17A3753481D}.Debug|x86.Build.0 = Debug|Any CPU
		{D4C34586-ADCF-4A3A-9C18-C17A3753481D}.Release|Any CPU.ActiveCfg = Release|Any CPU
		{D4C34586-ADCF-4A3A-9C18-C17A3753481D}.Release|Any CPU.Build.0 = Release|Any CPU
		{D4C34586-ADCF-4A3A-9C18-C17A3753481D}.Release|x64.ActiveCfg = Release|Any CPU
		{D4C34586-ADCF-4A3A-9C18-C17A3753481D}.Release|x64.Build.0 = Release|Any CPU
		{D4C34586-ADCF-4A3A-9C18-C17A3753481D}.Release|x86.ActiveCfg = Release|Any CPU
		{D4C34586-ADCF-4A3A-9C18-C17A3753481D}.Release|x86.Build.0 = Release|Any CPU
	EndGlobalSection
	GlobalSection(SolutionProperties) = preSolution
		HideSolutionNode = FALSE
	EndGlobalSection
	GlobalSection(NestedProjects) = preSolution
		{A78ECAD7-173C-4011-B0B3-24581A86D689} = {827E0CD3-B72D-47B6-A68D-7590B98EB39B}
		{B0F07BBF-B4C7-4457-88F5-C2C103ADE3F8} = {0AB3BF05-4346-4AA6-1389-037BE0695223}
		{534BA73C-E0F2-4215-848A-094CE1B2DACF} = {827E0CD3-B72D-47B6-A68D-7590B98EB39B}
		{D4C34586-ADCF-4A3A-9C18-C17A3753481D} = {0AB3BF05-4346-4AA6-1389-037BE0695223}
	EndGlobalSection
EndGlobal
